
Microsoft Visual Studio Solution File, Format Version 12.00
# Visual Studio Version 16
VisualStudioVersion = 16.0.29418.71
MinimumVisualStudioVersion = 10.0.40219.1
Project("{9A19103F-16F7-4668-BE54-9A1E7A4F7556}") = "StrategyPattern", "StrategyPattern\StrategyPattern.csproj", "{60871BA5-8BAF-4B5E-B147-481BD7ED28B6}"
EndProject
Project("{2150E333-8FDC-42A3-9474-1A3956D46DE8}") = "Solution Items", "Solution Items", "{3FD56E3C-FE0C-4FAD-87C9-6EA18D422E6C}"
	ProjectSection(SolutionItems) = preProject
		README.md = README.md
	EndProjectSection
EndProject
Project("{9A19103F-16F7-4668-BE54-9A1E7A4F7556}") = "ObserverPattern", "ObserverPattern\ObserverPattern.csproj", "{6ED643B9-5FFE-4146-84D4-7090B2E0AAA6}"
EndProject
Project("{9A19103F-16F7-4668-BE54-9A1E7A4F7556}") = "DecoratorPattern", "DecoratorPattern\DecoratorPattern.csproj", "{7689A8AF-E19D-434D-9907-25521272D430}"
EndProject
Project("{9A19103F-16F7-4668-BE54-9A1E7A4F7556}") = "FactoryPattern", "FactoryPattern\FactoryPattern.csproj", "{627566BB-3372-4928-8E8D-5FA332A7030E}"
EndProject
Project("{9A19103F-16F7-4668-BE54-9A1E7A4F7556}") = "SingletonPattern", "SingletonPattern\SingletonPattern.csproj", "{94D4E291-9829-4C3A-9391-4EA2A789EC17}"
EndProject
Project("{FAE04EC0-301F-11D3-BF4B-00C04F79EFBC}") = "CommandPattern", "CommandPattern\CommandPattern.csproj", "{A72E8A7B-5C05-4C31-8601-E8BF4CBCD315}"
EndProject
Project("{FAE04EC0-301F-11D3-BF4B-00C04F79EFBC}") = "AdapterPattern", "AdapterPattern\AdapterPattern.csproj", "{7E0DC495-3AD1-4E77-987E-72F1D49962A5}"
EndProject
Global
	GlobalSection(SolutionConfigurationPlatforms) = preSolution
		Debug|Any CPU = Debug|Any CPU
		Release|Any CPU = Release|Any CPU
	EndGlobalSection
	GlobalSection(ProjectConfigurationPlatforms) = postSolution
		{60871BA5-8BAF-4B5E-B147-481BD7ED28B6}.Debug|Any CPU.ActiveCfg = Debug|Any CPU
		{60871BA5-8BAF-4B5E-B147-481BD7ED28B6}.Debug|Any CPU.Build.0 = Debug|Any CPU
		{60871BA5-8BAF-4B5E-B147-481BD7ED28B6}.Release|Any CPU.ActiveCfg = Release|Any CPU
		{60871BA5-8BAF-4B5E-B147-481BD7ED28B6}.Release|Any CPU.Build.0 = Release|Any CPU
		{6ED643B9-5FFE-4146-84D4-7090B2E0AAA6}.Debug|Any CPU.ActiveCfg = Debug|Any CPU
		{6ED643B9-5FFE-4146-84D4-7090B2E0AAA6}.Debug|Any CPU.Build.0 = Debug|Any CPU
		{6ED643B9-5FFE-4146-84D4-7090B2E0AAA6}.Release|Any CPU.ActiveCfg = Release|Any CPU
		{6ED643B9-5FFE-4146-84D4-7090B2E0AAA6}.Release|Any CPU.Build.0 = Release|Any CPU
		{7689A8AF-E19D-434D-9907-25521272D430}.Debug|Any CPU.ActiveCfg = Debug|Any CPU
		{7689A8AF-E19D-434D-9907-25521272D430}.Debug|Any CPU.Build.0 = Debug|Any CPU
		{7689A8AF-E19D-434D-9907-25521272D430}.Release|Any CPU.ActiveCfg = Release|Any CPU
		{7689A8AF-E19D-434D-9907-25521272D430}.Release|Any CPU.Build.0 = Release|Any CPU
		{627566BB-3372-4928-8E8D-5FA332A7030E}.Debug|Any CPU.ActiveCfg = Debug|Any CPU
		{627566BB-3372-4928-8E8D-5FA332A7030E}.Debug|Any CPU.Build.0 = Debug|Any CPU
		{627566BB-3372-4928-8E8D-5FA332A7030E}.Release|Any CPU.ActiveCfg = Release|Any CPU
		{627566BB-3372-4928-8E8D-5FA332A7030E}.Release|Any CPU.Build.0 = Release|Any CPU
		{94D4E291-9829-4C3A-9391-4EA2A789EC17}.Debug|Any CPU.ActiveCfg = Debug|Any CPU
		{94D4E291-9829-4C3A-9391-4EA2A789EC17}.Debug|Any CPU.Build.0 = Debug|Any CPU
		{94D4E291-9829-4C3A-9391-4EA2A789EC17}.Release|Any CPU.ActiveCfg = Release|Any CPU
		{94D4E291-9829-4C3A-9391-4EA2A789EC17}.Release|Any CPU.Build.0 = Release|Any CPU
		{A72E8A7B-5C05-4C31-8601-E8BF4CBCD315}.Debug|Any CPU.ActiveCfg = Debug|Any CPU
		{A72E8A7B-5C05-4C31-8601-E8BF4CBCD315}.Debug|Any CPU.Build.0 = Debug|Any CPU
		{A72E8A7B-5C05-4C31-8601-E8BF4CBCD315}.Release|Any CPU.ActiveCfg = Release|Any CPU
		{A72E8A7B-5C05-4C31-8601-E8BF4CBCD315}.Release|Any CPU.Build.0 = Release|Any CPU
		{7E0DC495-3AD1-4E77-987E-72F1D49962A5}.Debug|Any CPU.ActiveCfg = Debug|Any CPU
		{7E0DC495-3AD1-4E77-987E-72F1D49962A5}.Debug|Any CPU.Build.0 = Debug|Any CPU
		{7E0DC495-3AD1-4E77-987E-72F1D49962A5}.Release|Any CPU.ActiveCfg = Release|Any CPU
		{7E0DC495-3AD1-4E77-987E-72F1D49962A5}.Release|Any CPU.Build.0 = Release|Any CPU
	EndGlobalSection
	GlobalSection(SolutionProperties) = preSolution
		HideSolutionNode = FALSE
	EndGlobalSection
	GlobalSection(ExtensibilityGlobals) = postSolution
		SolutionGuid = {D3E7420F-32ED-4FC1-BC77-9EF5AEA48AA5}
	EndGlobalSection
EndGlobal
